{
    "_readme": [
        "This file locks the dependencies of your project to a known state",
        "Read more about it at https://getcomposer.org/doc/01-basic-usage.md#installing-dependencies",
        "This file is @generated automatically"
    ],
    "content-hash": "b696392a491f4723c86a6749ad79b0f2",
    "packages": [
        {
            "name": "neo-hornberger/tournament_system-core",
            "version": "dev-master",
            "source": {
                "type": "git",
                "url": "../TournamentSystem-Core/",
                "reference": "1941188dab0d420d57a6581a97b79706f238defc"
            },
            "default-branch": true,
            "type": "project",
            "autoload": {
                "classmap": [
                    "src/"
                ]
            },
            "authors": [
                {
                    "name": "Neo Hornberger",
                    "email": "neo.hornberger@gmx.de"
                }
            ],
            "time": "2021-11-22T21:33:57+00:00"
        }
    ],
    "packages-dev": [],
    "aliases": [],
    "minimum-stability": "stable",
    "stability-flags": {
        "neo-hornberger/tournament_system-core": 20
    },
    "prefer-stable": false,
    "prefer-lowest": false,
    "platform": [],
    "platform-dev": [],
    "plugin-api-version": "2.0.0"
}
